
Microsoft Visual Studio Solution File, Format Version 12.00
# Visual Studio 15
VisualStudioVersion = 15.0.28307.1259
MinimumVisualStudioVersion = 10.0.40219.1
Project("{FAE04EC0-301F-11D3-BF4B-00C04F79EFBC}") = "gugao1", "gugao1\gugao1.csproj", "{5E3DDFCB-736B-45F9-825A-B78C65F4FBCF}"
EndProject
Global
	GlobalSection(SolutionConfigurationPlatforms) = preSolution
		Debug|Any CPU = Debug|Any CPU
		Release|Any CPU = Release|Any CPU
	EndGlobalSection
	GlobalSection(ProjectConfigurationPlatforms) = postSolution
		{5E3DDFCB-736B-45F9-825A-B78C65F4FBCF}.Debug|Any CPU.ActiveCfg = Debug|Any CPU
		{5E3DDFCB-736B-45F9-825A-B78C65F4FBCF}.Debug|Any CPU.Build.0 = Debug|Any CPU
		{5E3DDFCB-736B-45F9-825A-B78C65F4FBCF}.Release|Any CPU.ActiveCfg = Release|Any CPU
		{5E3DDFCB-736B-45F9-825A-B78C65F4FBCF}.Release|Any CPU.Build.0 = Release|Any CPU
	EndGlobalSection
	GlobalSection(SolutionProperties) = preSolution
		HideSolutionNode = FALSE
	EndGlobalSection
	GlobalSection(ExtensibilityGlobals) = postSolution
		SolutionGuid = {6B99A067-274C-4CC1-9B9E-7E5378AE1ECF}
	EndGlobalSection
EndGlobal
